
Microsoft Visual Studio Solution File, Format Version 12.00
# Visual Studio Version 17
VisualStudioVersion = 17.0.32112.339
MinimumVisualStudioVersion = 10.0.40219.1
Project("{FAE04EC0-301F-11D3-BF4B-00C04F79EFBC}") = "VP_lab-2", "VP_lab-2\VP_lab-2.csproj", "{86FAE527-D36D-45DC-B0A5-7A68C3D60280}"
EndProject
Global
	GlobalSection(SolutionConfigurationPlatforms) = preSolution
		Debug|Any CPU = Debug|Any CPU
		Release|Any CPU = Release|Any CPU
	EndGlobalSection
	GlobalSection(ProjectConfigurationPlatforms) = postSolution
		{86FAE527-D36D-45DC-B0A5-7A68C3D60280}.Debug|Any CPU.ActiveCfg = Debug|Any CPU
		{86FAE527-D36D-45DC-B0A5-7A68C3D60280}.Debug|Any CPU.Build.0 = Debug|Any CPU
		{86FAE527-D36D-45DC-B0A5-7A68C3D60280}.Release|Any CPU.ActiveCfg = Release|Any CPU
		{86FAE527-D36D-45DC-B0A5-7A68C3D60280}.Release|Any CPU.Build.0 = Release|Any CPU
	EndGlobalSection
	GlobalSection(SolutionProperties) = preSolution
		HideSolutionNode = FALSE
	EndGlobalSection
	GlobalSection(ExtensibilityGlobals) = postSolution
		SolutionGuid = {45407962-0841-45B1-938D-E2BA7DE384B7}
	EndGlobalSection
EndGlobal
